
Microsoft Visual Studio Solution File, Format Version 12.00
Project("{FAE04EC0-301F-11D3-BF4B-00C04F79EFBC}") = "AnswerCompiler", "AnswerCompiler\AnswerCompiler.csproj", "{30468CDA-24A4-4209-ACEA-81AB903B98BA}"
EndProject
Global
	GlobalSection(SolutionConfigurationPlatforms) = preSolution
		Debug|Any CPU = Debug|Any CPU
		Release|Any CPU = Release|Any CPU
	EndGlobalSection
	GlobalSection(ProjectConfigurationPlatforms) = postSolution
		{30468CDA-24A4-4209-ACEA-81AB903B98BA}.Debug|Any CPU.ActiveCfg = Debug|Any CPU
		{30468CDA-24A4-4209-ACEA-81AB903B98BA}.Debug|Any CPU.Build.0 = Debug|Any CPU
		{30468CDA-24A4-4209-ACEA-81AB903B98BA}.Release|Any CPU.ActiveCfg = Release|Any CPU
		{30468CDA-24A4-4209-ACEA-81AB903B98BA}.Release|Any CPU.Build.0 = Release|Any CPU
	EndGlobalSection
EndGlobal
